
Microsoft Visual Studio Solution File, Format Version 12.00
# Visual Studio Version 17
VisualStudioVersion = 17.2.32526.322
MinimumVisualStudioVersion = 10.0.40219.1
Project("{9A19103F-16F7-4668-BE54-9A1E7A4F7556}") = "01-Azure-Functions", "Azure-Functions\01-Azure-Functions.csproj", "{941C5057-9F04-4676-BD60-6529470C8DB5}"
EndProject
Global
	GlobalSection(SolutionConfigurationPlatforms) = preSolution
		Debug|Any CPU = Debug|Any CPU
		Release|Any CPU = Release|Any CPU
	EndGlobalSection
	GlobalSection(ProjectConfigurationPlatforms) = postSolution
		{941C5057-9F04-4676-BD60-6529470C8DB5}.Debug|Any CPU.ActiveCfg = Debug|Any CPU
		{941C5057-9F04-4676-BD60-6529470C8DB5}.Debug|Any CPU.Build.0 = Debug|Any CPU
		{941C5057-9F04-4676-BD60-6529470C8DB5}.Release|Any CPU.ActiveCfg = Release|Any CPU
		{941C5057-9F04-4676-BD60-6529470C8DB5}.Release|Any CPU.Build.0 = Release|Any CPU
	EndGlobalSection
	GlobalSection(SolutionProperties) = preSolution
		HideSolutionNode = FALSE
	EndGlobalSection
	GlobalSection(ExtensibilityGlobals) = postSolution
		SolutionGuid = {826DC883-CFFA-4241-8D23-C0CFA287449A}
	EndGlobalSection
EndGlobal
